<?xml version="1.0" encoding="utf-8"?>
<Project ToolsVersion="4.0" xmlns="http://schemas.microsoft.com/developer/msbuild/2003">
  <ItemGroup>
    <Filter Include="Source Files">
      <UniqueIdentifier>{4FC737F1-C7A5-4376-A066-2A32D752A2FF}</UniqueIdentifier>
      <Extensions>cpp;c;cc;cxx;def;odl;idl;hpj;bat;asm;asmx</Extensions>
    </Filter>
    <Filter Include="Shader Files">
      <UniqueIdentifier>{3c671cf1-a451-4d3c-9940-b71d9ee4968b}</UniqueIdentifier>
    </Filter>
    <Filter Include="Source Files\Camera">
      <UniqueIdentifier>{c462d3a8-ecbf-4c8c-97c2-9b320356b6f3}</UniqueIdentifier>
    </Filter>
    <Filter Include="Source Files\Input">
      <UniqueIdentifier>{111b0a0a-e647-48fa-936a-8a41be68f8cd}</UniqueIdentifier>
    </Filter>
    <Filter Include="Source Files\Light">
      <UniqueIdentifier>{67b453d5-8dbc-41c3-ad0a-78423d97a667}</UniqueIdentifier>
    </Filter>
    <Filter Include="Source Files\Material">
      <UniqueIdentifier>{517add7b-bf30-4261-8680-40fe6c470a96}</UniqueIdentifier>
    </Filter>
    <Filter Include="Source Files\Model">
      <UniqueIdentifier>{cad3c75a-69b4-4c70-ac8f-000cf7f315ca}</UniqueIdentifier>
    </Filter>
    <Filter Include="Source Files\Window">
      <UniqueIdentifier>{4195e84a-338a-4f8a-b1ae-9e30f361685d}</UniqueIdentifier>
    </Filter>
    <Filter Include="Source Files\Util">
      <UniqueIdentifier>{8edc1741-ea3a-4bfd-91cb-2fa96dbeb9c6}</UniqueIdentifier>
    </Filter>
    <Filter Include="Source Files\Transform">
      <UniqueIdentifier>{d35c75a1-7305-4b8f-b4c0-264de153eb92}</UniqueIdentifier>
    </Filter>
    <Filter Include="Source Files\Shader">
      <UniqueIdentifier>{d0c622e3-1103-48bd-9a8e-371b450326e6}</UniqueIdentifier>
    </Filter>
    <Filter Include="Source Files\Scene">
      <UniqueIdentifier>{8a2c1eac-00d3-4b5e-9a2a-6e04fbe14d61}</UniqueIdentifier>
    </Filter>
    <Filter Include="Source Files\Renderer">
      <UniqueIdentifier>{ad8bd349-85ea-4315-beb4-f9697e105207}</UniqueIdentifier>
    </Filter>
  </ItemGroup>
  <ItemGroup>
    <None Include="Binaries\Shaders\SimpleDraw.vs.glsl">
      <Filter>Shader Files</Filter>
    </None>
    <None Include="Binaries\Shaders\SimpleDraw.fs.glsl">
      <Filter>Shader Files</Filter>
    </None>
    <None Include="Binaries\Shaders\ShadowPass.fs.glsl">
      <Filter>Shader Files</Filter>
    </None>
    <None Include="Binaries\Shaders\ShadowPass.vs.glsl">
      <Filter>Shader Files</Filter>
    </None>
    <None Include="Binaries\Shaders\Lighting.vs.glsl">
      <Filter>Shader Files</Filter>
    </None>
    <None Include="Binaries\Shaders\PointLighting.fs.glsl">
      <Filter>Shader Files</Filter>
    </None>
    <None Include="Binaries\Shaders\SpotLighting.fs.glsl">
      <Filter>Shader Files</Filter>
    </None>
    <None Include="Binaries\Shaders\Geometry.vs.glsl">
      <Filter>Shader Files</Filter>
    </None>
    <None Include="Binaries\Shaders\Geometry.fs.glsl">
      <Filter>Shader Files</Filter>
    </None>
    <None Include="Binaries\Shaders\DirectionalLighting.fs.glsl">
      <Filter>Shader Files</Filter>
    </None>
    <None Include="Binaries\Shaders\FontDraw.fs.glsl">
      <Filter>Shader Files</Filter>
    </None>
    <None Include="Binaries\Shaders\FontDraw.vs.glsl">
      <Filter>Shader Files</Filter>
    </None>
    <None Include="Binaries\Shaders\BillboardDraw.fs.glsl">
      <Filter>Shader Files</Filter>
    </None>
    <None Include="Binaries\Shaders\BillboardDraw.vs.glsl">
      <Filter>Shader Files</Filter>
    </None>
  </ItemGroup>
  <ItemGroup>
    <ClInclude Include="Source\Camera\Camera.hpp">
      <Filter>Source Files\Camera</Filter>
    </ClInclude>
    <ClInclude Include="Source\Input\Input.hpp">
      <Filter>Source Files\Input</Filter>
    </ClInclude>
    <ClInclude Include="Source\Light\PointLight.hpp">
      <Filter>Source Files\Light</Filter>
    </ClInclude>
    <ClInclude Include="Source\Light\SpotLight.hpp">
      <Filter>Source Files\Light</Filter>
    </ClInclude>
    <ClInclude Include="Source\Material\Material.hpp">
      <Filter>Source Files\Material</Filter>
    </ClInclude>
    <ClInclude Include="Source\Material\Texture.hpp">
      <Filter>Source Files\Material</Filter>
    </ClInclude>
    <ClInclude Include="Source\Material\TextureManager.hpp">
      <Filter>Source Files\Material</Filter>
    </ClInclude>
    <ClInclude Include="Source\Model\Mesh.hpp">
      <Filter>Source Files\Model</Filter>
    </ClInclude>
    <ClInclude Include="Source\Model\Model.hpp">
      <Filter>Source Files\Model</Filter>
    </ClInclude>
    <ClInclude Include="Source\Renderer\Cubemap.hpp">
      <Filter>Source Files\Renderer</Filter>
    </ClInclude>
    <ClInclude Include="Source\Renderer\DeferredRenderer.hpp">
      <Filter>Source Files\Renderer</Filter>
    </ClInclude>
    <ClInclude Include="Source\Renderer\GBuffer.hpp">
      <Filter>Source Files\Renderer</Filter>
    </ClInclude>
    <ClInclude Include="Source\Renderer\IRenderer.hpp">
      <Filter>Source Files\Renderer</Filter>
    </ClInclude>
    <ClInclude Include="Source\Scene\SceneManager.hpp">
      <Filter>Source Files\Scene</Filter>
    </ClInclude>
    <ClInclude Include="Source\Shader\DirectionalLightingShader.hpp">
      <Filter>Source Files\Shader</Filter>
    </ClInclude>
    <ClInclude Include="Source\Shader\GeometryShader.hpp">
      <Filter>Source Files\Shader</Filter>
    </ClInclude>
    <ClInclude Include="Source\Shader\PointLightingShader.hpp">
      <Filter>Source Files\Shader</Filter>
    </ClInclude>
    <ClInclude Include="Source\Shader\ShaderProgram.hpp">
      <Filter>Source Files\Shader</Filter>
    </ClInclude>
    <ClInclude Include="Source\Shader\SpotLightingShader.hpp">
      <Filter>Source Files\Shader</Filter>
    </ClInclude>
    <ClInclude Include="Source\Transform\Transform.hpp">
      <Filter>Source Files\Transform</Filter>
    </ClInclude>
    <ClInclude Include="Source\Util\Error.hpp">
      <Filter>Source Files\Util</Filter>
    </ClInclude>
    <ClInclude Include="Source\Util\Util.hpp">
      <Filter>Source Files\Util</Filter>
    </ClInclude>
    <ClInclude Include="Source\Window\Window.hpp">
      <Filter>Source Files\Window</Filter>
    </ClInclude>
    <ClInclude Include="Source\Renderer\FontRenderer.hpp">
      <Filter>Source Files\Renderer</Filter>
    </ClInclude>
    <ClInclude Include="Source\Shader\FontDrawShader.hpp">
      <Filter>Source Files\Shader</Filter>
    </ClInclude>
    <ClInclude Include="Source\Shader\BillboardDrawShader.hpp">
      <Filter>Source Files\Shader</Filter>
    </ClInclude>
    <ClInclude Include="Source\Renderer\BillboardRenderer.hpp">
      <Filter>Source Files\Renderer</Filter>
    </ClInclude>
  </ItemGroup>
  <ItemGroup>
    <ClCompile Include="Source\Camera\Camera.cpp">
      <Filter>Source Files\Camera</Filter>
    </ClCompile>
    <ClCompile Include="Source\Main.cpp">
      <Filter>Source Files</Filter>
    </ClCompile>
    <ClCompile Include="Source\Input\Input.cpp">
      <Filter>Source Files\Input</Filter>
    </ClCompile>
    <ClCompile Include="Source\Light\PointLight.cpp">
      <Filter>Source Files\Light</Filter>
    </ClCompile>
    <ClCompile Include="Source\Material\Material.cpp">
      <Filter>Source Files\Material</Filter>
    </ClCompile>
    <ClCompile Include="Source\Material\Texture.cpp">
      <Filter>Source Files\Material</Filter>
    </ClCompile>
    <ClCompile Include="Source\Material\TextureManager.cpp">
      <Filter>Source Files\Material</Filter>
    </ClCompile>
    <ClCompile Include="Source\Model\Mesh.cpp">
      <Filter>Source Files\Model</Filter>
    </ClCompile>
    <ClCompile Include="Source\Model\Model.cpp">
      <Filter>Source Files\Model</Filter>
    </ClCompile>
    <ClCompile Include="Source\Renderer\Cubemap.cpp">
      <Filter>Source Files\Renderer</Filter>
    </ClCompile>
    <ClCompile Include="Source\Renderer\DeferredRenderer.cpp">
      <Filter>Source Files\Renderer</Filter>
    </ClCompile>
    <ClCompile Include="Source\Renderer\GBuffer.cpp">
      <Filter>Source Files\Renderer</Filter>
    </ClCompile>
    <ClCompile Include="Source\Scene\SceneManager.cpp">
      <Filter>Source Files\Scene</Filter>
    </ClCompile>
    <ClCompile Include="Source\Shader\DirectionalLightingShader.cpp">
      <Filter>Source Files\Shader</Filter>
    </ClCompile>
    <ClCompile Include="Source\Shader\GeometryShader.cpp">
      <Filter>Source Files\Shader</Filter>
    </ClCompile>
    <ClCompile Include="Source\Shader\PointLightingShader.cpp">
      <Filter>Source Files\Shader</Filter>
    </ClCompile>
    <ClCompile Include="Source\Shader\ShaderProgram.cpp">
      <Filter>Source Files\Shader</Filter>
    </ClCompile>
    <ClCompile Include="Source\Shader\SpotLightingShader.cpp">
      <Filter>Source Files\Shader</Filter>
    </ClCompile>
    <ClCompile Include="Source\Transform\Transform.cpp">
      <Filter>Source Files\Transform</Filter>
    </ClCompile>
    <ClCompile Include="Source\Util\Error.cpp">
      <Filter>Source Files\Util</Filter>
    </ClCompile>
    <ClCompile Include="Source\Util\Util.cpp">
      <Filter>Source Files\Util</Filter>
    </ClCompile>
    <ClCompile Include="Source\Window\Window.cpp">
      <Filter>Source Files\Window</Filter>
    </ClCompile>
    <ClCompile Include="Source\Renderer\FontRenderer.cpp">
      <Filter>Source Files\Renderer</Filter>
    </ClCompile>
    <ClCompile Include="Source\Shader\FontDrawShader.cpp">
      <Filter>Source Files\Shader</Filter>
    </ClCompile>
    <ClCompile Include="Source\Shader\BillboardDrawShader.cpp">
      <Filter>Source Files\Shader</Filter>
    </ClCompile>
    <ClCompile Include="Source\Renderer\BillboardRenderer.cpp">
      <Filter>Source Files\Renderer</Filter>
    </ClCompile>
  </ItemGroup>
</Project>